
Microsoft Visual Studio Solution File, Format Version 10.00
# Visual Studio 2008
Project("{FAE04EC0-301F-11D3-BF4B-00C04F79EFBC}") = "HTCButton", "HTCButton\HTCButton.csproj", "{DC0F42F9-2B86-4116-A4B1-6EBDA3FB9003}"
EndProject
Project("{FAE04EC0-301F-11D3-BF4B-00C04F79EFBC}") = "PluginInterface", "PluginInterface\PluginInterface.csproj", "{8624CBC5-621D-4A3A-A407-B192CE19BF5C}"
EndProject
Project("{2150E333-8FDC-42A3-9474-1A3956D46DE8}") = "Plugins", "Plugins", "{6A097AB2-DF17-4EFA-9B5C-BBFE6223883F}"
EndProject
Project("{FAE04EC0-301F-11D3-BF4B-00C04F79EFBC}") = "HelloWorldPlugin", "Plugins\HelloWorldPlugin\HelloWorldPlugin.csproj", "{491010A1-3BE6-4161-8E2B-56693F829E7E}"
EndProject
Project("{FAE04EC0-301F-11D3-BF4B-00C04F79EFBC}") = "HelloWorld2Plugin", "Plugins\HelloWorld2Plugin\HelloWorld2Plugin.csproj", "{8B5050C1-7C11-4970-9C77-7EB957DCEE2F}"
EndProject
Project("{FAE04EC0-301F-11D3-BF4B-00C04F79EFBC}") = "HTCAudioManagerPlugin", "Plugins\HTCAudioManagerPlugin\HTCAudioManagerPlugin.csproj", "{EE2270CA-E39E-46CC-B999-012DBDD79ACC}"
EndProject
Project("{B900F1C2-3D47-4FEC-85B3-04AAF18C3634}") = "Setup", "Setup\Setup.vddproj", "{6A4F97EE-FE59-4B2D-BB92-2CC802737AD7}"
EndProject
Project("{FAE04EC0-301F-11D3-BF4B-00C04F79EFBC}") = "Run_DoubleTap", "Run_DoubleTap\Run_DoubleTap.csproj", "{02B4943F-E495-4D59-BDF0-817612FC8DB2}"
EndProject
Global
	GlobalSection(SolutionConfigurationPlatforms) = preSolution
		Debug|Any CPU = Debug|Any CPU
		DoubleTap Only|Any CPU = DoubleTap Only|Any CPU
		HTCButton Only|Any CPU = HTCButton Only|Any CPU
		Release|Any CPU = Release|Any CPU
	EndGlobalSection
	GlobalSection(ProjectConfigurationPlatforms) = postSolution
		{DC0F42F9-2B86-4116-A4B1-6EBDA3FB9003}.Debug|Any CPU.ActiveCfg = Debug|Any CPU
		{DC0F42F9-2B86-4116-A4B1-6EBDA3FB9003}.Debug|Any CPU.Build.0 = Debug|Any CPU
		{DC0F42F9-2B86-4116-A4B1-6EBDA3FB9003}.Debug|Any CPU.Deploy.0 = Debug|Any CPU
		{DC0F42F9-2B86-4116-A4B1-6EBDA3FB9003}.DoubleTap Only|Any CPU.ActiveCfg = DoubleTap Only|Any CPU
		{DC0F42F9-2B86-4116-A4B1-6EBDA3FB9003}.HTCButton Only|Any CPU.ActiveCfg = HTCButton Only|Any CPU
		{DC0F42F9-2B86-4116-A4B1-6EBDA3FB9003}.HTCButton Only|Any CPU.Build.0 = HTCButton Only|Any CPU
		{DC0F42F9-2B86-4116-A4B1-6EBDA3FB9003}.HTCButton Only|Any CPU.Deploy.0 = HTCButton Only|Any CPU
		{DC0F42F9-2B86-4116-A4B1-6EBDA3FB9003}.Release|Any CPU.ActiveCfg = Release|Any CPU
		{DC0F42F9-2B86-4116-A4B1-6EBDA3FB9003}.Release|Any CPU.Build.0 = Release|Any CPU
		{DC0F42F9-2B86-4116-A4B1-6EBDA3FB9003}.Release|Any CPU.Deploy.0 = Release|Any CPU
		{8624CBC5-621D-4A3A-A407-B192CE19BF5C}.Debug|Any CPU.ActiveCfg = Debug|Any CPU
		{8624CBC5-621D-4A3A-A407-B192CE19BF5C}.Debug|Any CPU.Build.0 = Debug|Any CPU
		{8624CBC5-621D-4A3A-A407-B192CE19BF5C}.Debug|Any CPU.Deploy.0 = Debug|Any CPU
		{8624CBC5-621D-4A3A-A407-B192CE19BF5C}.DoubleTap Only|Any CPU.ActiveCfg = DoubleTap Only|Any CPU
		{8624CBC5-621D-4A3A-A407-B192CE19BF5C}.DoubleTap Only|Any CPU.Build.0 = DoubleTap Only|Any CPU
		{8624CBC5-621D-4A3A-A407-B192CE19BF5C}.DoubleTap Only|Any CPU.Deploy.0 = DoubleTap Only|Any CPU
		{8624CBC5-621D-4A3A-A407-B192CE19BF5C}.HTCButton Only|Any CPU.ActiveCfg = HTCButton Only|Any CPU
		{8624CBC5-621D-4A3A-A407-B192CE19BF5C}.HTCButton Only|Any CPU.Build.0 = HTCButton Only|Any CPU
		{8624CBC5-621D-4A3A-A407-B192CE19BF5C}.Release|Any CPU.ActiveCfg = Release|Any CPU
		{8624CBC5-621D-4A3A-A407-B192CE19BF5C}.Release|Any CPU.Build.0 = Release|Any CPU
		{8624CBC5-621D-4A3A-A407-B192CE19BF5C}.Release|Any CPU.Deploy.0 = Release|Any CPU
		{491010A1-3BE6-4161-8E2B-56693F829E7E}.Debug|Any CPU.ActiveCfg = Debug|Any CPU
		{491010A1-3BE6-4161-8E2B-56693F829E7E}.Debug|Any CPU.Build.0 = Debug|Any CPU
		{491010A1-3BE6-4161-8E2B-56693F829E7E}.Debug|Any CPU.Deploy.0 = Debug|Any CPU
		{491010A1-3BE6-4161-8E2B-56693F829E7E}.DoubleTap Only|Any CPU.ActiveCfg = DoubleTap Only|Any CPU
		{491010A1-3BE6-4161-8E2B-56693F829E7E}.HTCButton Only|Any CPU.ActiveCfg = HTCButton Only|Any CPU
		{491010A1-3BE6-4161-8E2B-56693F829E7E}.Release|Any CPU.ActiveCfg = Release|Any CPU
		{491010A1-3BE6-4161-8E2B-56693F829E7E}.Release|Any CPU.Build.0 = Release|Any CPU
		{8B5050C1-7C11-4970-9C77-7EB957DCEE2F}.Debug|Any CPU.ActiveCfg = Debug|Any CPU
		{8B5050C1-7C11-4970-9C77-7EB957DCEE2F}.Debug|Any CPU.Build.0 = Debug|Any CPU
		{8B5050C1-7C11-4970-9C77-7EB957DCEE2F}.Debug|Any CPU.Deploy.0 = Debug|Any CPU
		{8B5050C1-7C11-4970-9C77-7EB957DCEE2F}.DoubleTap Only|Any CPU.ActiveCfg = DoubleTap Only|Any CPU
		{8B5050C1-7C11-4970-9C77-7EB957DCEE2F}.HTCButton Only|Any CPU.ActiveCfg = HTCButton Only|Any CPU
		{8B5050C1-7C11-4970-9C77-7EB957DCEE2F}.Release|Any CPU.ActiveCfg = Release|Any CPU
		{8B5050C1-7C11-4970-9C77-7EB957DCEE2F}.Release|Any CPU.Build.0 = Release|Any CPU
		{EE2270CA-E39E-46CC-B999-012DBDD79ACC}.Debug|Any CPU.ActiveCfg = Debug|Any CPU
		{EE2270CA-E39E-46CC-B999-012DBDD79ACC}.Debug|Any CPU.Build.0 = Debug|Any CPU
		{EE2270CA-E39E-46CC-B999-012DBDD79ACC}.Debug|Any CPU.Deploy.0 = Debug|Any CPU
		{EE2270CA-E39E-46CC-B999-012DBDD79ACC}.DoubleTap Only|Any CPU.ActiveCfg = DoubleTap Only|Any CPU
		{EE2270CA-E39E-46CC-B999-012DBDD79ACC}.HTCButton Only|Any CPU.ActiveCfg = HTCButton Only|Any CPU
		{EE2270CA-E39E-46CC-B999-012DBDD79ACC}.Release|Any CPU.ActiveCfg = Release|Any CPU
		{EE2270CA-E39E-46CC-B999-012DBDD79ACC}.Release|Any CPU.Build.0 = Release|Any CPU
		{EE2270CA-E39E-46CC-B999-012DBDD79ACC}.Release|Any CPU.Deploy.0 = Release|Any CPU
		{6A4F97EE-FE59-4B2D-BB92-2CC802737AD7}.Debug|Any CPU.ActiveCfg = Debug
		{6A4F97EE-FE59-4B2D-BB92-2CC802737AD7}.DoubleTap Only|Any CPU.ActiveCfg = DoubleTap Only
		{6A4F97EE-FE59-4B2D-BB92-2CC802737AD7}.HTCButton Only|Any CPU.ActiveCfg = HTCButton Only
		{6A4F97EE-FE59-4B2D-BB92-2CC802737AD7}.Release|Any CPU.ActiveCfg = Release
		{02B4943F-E495-4D59-BDF0-817612FC8DB2}.Debug|Any CPU.ActiveCfg = Debug|Any CPU
		{02B4943F-E495-4D59-BDF0-817612FC8DB2}.Debug|Any CPU.Build.0 = Debug|Any CPU
		{02B4943F-E495-4D59-BDF0-817612FC8DB2}.Debug|Any CPU.Deploy.0 = Debug|Any CPU
		{02B4943F-E495-4D59-BDF0-817612FC8DB2}.DoubleTap Only|Any CPU.ActiveCfg = DoubleTap Only|Any CPU
		{02B4943F-E495-4D59-BDF0-817612FC8DB2}.DoubleTap Only|Any CPU.Build.0 = DoubleTap Only|Any CPU
		{02B4943F-E495-4D59-BDF0-817612FC8DB2}.DoubleTap Only|Any CPU.Deploy.0 = DoubleTap Only|Any CPU
		{02B4943F-E495-4D59-BDF0-817612FC8DB2}.HTCButton Only|Any CPU.ActiveCfg = HTCButton Only|Any CPU
		{02B4943F-E495-4D59-BDF0-817612FC8DB2}.Release|Any CPU.ActiveCfg = Release|Any CPU
		{02B4943F-E495-4D59-BDF0-817612FC8DB2}.Release|Any CPU.Build.0 = Release|Any CPU
		{02B4943F-E495-4D59-BDF0-817612FC8DB2}.Release|Any CPU.Deploy.0 = Release|Any CPU
	EndGlobalSection
	GlobalSection(SolutionProperties) = preSolution
		HideSolutionNode = FALSE
	EndGlobalSection
	GlobalSection(NestedProjects) = preSolution
		{491010A1-3BE6-4161-8E2B-56693F829E7E} = {6A097AB2-DF17-4EFA-9B5C-BBFE6223883F}
		{8B5050C1-7C11-4970-9C77-7EB957DCEE2F} = {6A097AB2-DF17-4EFA-9B5C-BBFE6223883F}
		{EE2270CA-E39E-46CC-B999-012DBDD79ACC} = {6A097AB2-DF17-4EFA-9B5C-BBFE6223883F}
	EndGlobalSection
	GlobalSection(ExtensibilityGlobals) = postSolution
		VisualSVNWorkingCopyRoot = 
	EndGlobalSection
EndGlobal
